
Microsoft Visual Studio Solution File, Format Version 12.00
# Visual Studio Version 16
VisualStudioVersion = 16.0.32106.194
MinimumVisualStudioVersion = 10.0.40219.1
Project("{9A19103F-16F7-4668-BE54-9A1E7A4F7556}") = "matrix_sort", "matrix_sort\matrix_sort.csproj", "{FBC3EC95-0ABE-4A70-A740-9295DE55D38F}"
EndProject
Project("{FAE04EC0-301F-11D3-BF4B-00C04F79EFBC}") = "tests", "tests\tests.csproj", "{21CF9B2A-4043-4FDA-9CF3-A3B815D4D0A6}"
EndProject
Global
	GlobalSection(SolutionConfigurationPlatforms) = preSolution
		Debug|Any CPU = Debug|Any CPU
		Release|Any CPU = Release|Any CPU
	EndGlobalSection
	GlobalSection(ProjectConfigurationPlatforms) = postSolution
		{FBC3EC95-0ABE-4A70-A740-9295DE55D38F}.Debug|Any CPU.ActiveCfg = Debug|Any CPU
		{FBC3EC95-0ABE-4A70-A740-9295DE55D38F}.Debug|Any CPU.Build.0 = Debug|Any CPU
		{FBC3EC95-0ABE-4A70-A740-9295DE55D38F}.Release|Any CPU.ActiveCfg = Release|Any CPU
		{FBC3EC95-0ABE-4A70-A740-9295DE55D38F}.Release|Any CPU.Build.0 = Release|Any CPU
		{21CF9B2A-4043-4FDA-9CF3-A3B815D4D0A6}.Debug|Any CPU.ActiveCfg = Debug|Any CPU
		{21CF9B2A-4043-4FDA-9CF3-A3B815D4D0A6}.Debug|Any CPU.Build.0 = Debug|Any CPU
		{21CF9B2A-4043-4FDA-9CF3-A3B815D4D0A6}.Release|Any CPU.ActiveCfg = Release|Any CPU
		{21CF9B2A-4043-4FDA-9CF3-A3B815D4D0A6}.Release|Any CPU.Build.0 = Release|Any CPU
	EndGlobalSection
	GlobalSection(SolutionProperties) = preSolution
		HideSolutionNode = FALSE
	EndGlobalSection
	GlobalSection(ExtensibilityGlobals) = postSolution
		SolutionGuid = {E430FE16-B46A-48D8-91E6-880CFCC2A627}
	EndGlobalSection
EndGlobal
